
Microsoft Visual Studio Solution File, Format Version 12.00
# Visual Studio Version 17
VisualStudioVersion = 17.5.002.0
MinimumVisualStudioVersion = 10.0.40219.1
Project("{9A19103F-16F7-4668-BE54-9A1E7A4F7556}") = "CrashShowWindowFromTrayIconMenuItemClick", "CrashShowWindowFromTrayIconMenuItemClick.csproj", "{AD7C3B2B-9B07-434E-966B-C9C6019559BC}"
EndProject
Global
	GlobalSection(SolutionConfigurationPlatforms) = preSolution
		Debug|Any CPU = Debug|Any CPU
		Release|Any CPU = Release|Any CPU
	EndGlobalSection
	GlobalSection(ProjectConfigurationPlatforms) = postSolution
		{AD7C3B2B-9B07-434E-966B-C9C6019559BC}.Debug|Any CPU.ActiveCfg = Debug|Any CPU
		{AD7C3B2B-9B07-434E-966B-C9C6019559BC}.Debug|Any CPU.Build.0 = Debug|Any CPU
		{AD7C3B2B-9B07-434E-966B-C9C6019559BC}.Release|Any CPU.ActiveCfg = Release|Any CPU
		{AD7C3B2B-9B07-434E-966B-C9C6019559BC}.Release|Any CPU.Build.0 = Release|Any CPU
	EndGlobalSection
	GlobalSection(SolutionProperties) = preSolution
		HideSolutionNode = FALSE
	EndGlobalSection
	GlobalSection(ExtensibilityGlobals) = postSolution
		SolutionGuid = {2A9EB075-04F7-43D8-BDE1-518265123C42}
	EndGlobalSection
EndGlobal
